
Microsoft Visual Studio Solution File, Format Version 12.00
# Visual Studio 2012
Project("{FAE04EC0-301F-11D3-BF4B-00C04F79EFBC}") = "deduplicate.console", "deduplicate.console\deduplicate.console.csproj", "{340C8F9D-F228-415F-B77B-597E114C608F}"
EndProject
Project("{FAE04EC0-301F-11D3-BF4B-00C04F79EFBC}") = "wordwrap", "wordwrap\wordwrap.csproj", "{10E7F50B-F4AB-4F1B-BAEA-B5514314DDC2}"
EndProject
Global
	GlobalSection(SolutionConfigurationPlatforms) = preSolution
		Debug|Any CPU = Debug|Any CPU
		Release|Any CPU = Release|Any CPU
	EndGlobalSection
	GlobalSection(ProjectConfigurationPlatforms) = postSolution
		{340C8F9D-F228-415F-B77B-597E114C608F}.Debug|Any CPU.ActiveCfg = Debug|Any CPU
		{340C8F9D-F228-415F-B77B-597E114C608F}.Debug|Any CPU.Build.0 = Debug|Any CPU
		{340C8F9D-F228-415F-B77B-597E114C608F}.Release|Any CPU.ActiveCfg = Release|Any CPU
		{340C8F9D-F228-415F-B77B-597E114C608F}.Release|Any CPU.Build.0 = Release|Any CPU
		{10E7F50B-F4AB-4F1B-BAEA-B5514314DDC2}.Debug|Any CPU.ActiveCfg = Debug|Any CPU
		{10E7F50B-F4AB-4F1B-BAEA-B5514314DDC2}.Debug|Any CPU.Build.0 = Debug|Any CPU
		{10E7F50B-F4AB-4F1B-BAEA-B5514314DDC2}.Release|Any CPU.ActiveCfg = Release|Any CPU
		{10E7F50B-F4AB-4F1B-BAEA-B5514314DDC2}.Release|Any CPU.Build.0 = Release|Any CPU
	EndGlobalSection
	GlobalSection(SolutionProperties) = preSolution
		HideSolutionNode = FALSE
	EndGlobalSection
EndGlobal
